# This file is automatically @generated by Cargo.
# It is not intended for manual editing.
version = 4

[[package]]
name = "aurabase-cli"
version = "0.1.0"
dependencies = [
 "aurabase-core",
]

[[package]]
name = "aurabase-core"
version = "0.1.0"

[[package]]
name = "aurabased"
version = "0.1.0"
dependencies = [
 "aurabase-core",
]
